<?xml version="1.0" encoding="utf-8"?>
<Project ToolsVersion="4.0" xmlns="http://schemas.microsoft.com/developer/msbuild/2003">
  <ItemGroup>
    <ClCompile Include="src\ofApp.cpp">
      <Filter>src</Filter>
    </ClCompile>
    <ClCompile Include="src\main.cpp">
      <Filter>src</Filter>
    </ClCompile>
    <ClCompile Include="src\Level.cpp">
      <Filter>src\Game\Level</Filter>
    </ClCompile>
    <ClCompile Include="src\DropComponent.cpp">
      <Filter>src\Game\Components</Filter>
    </ClCompile>
    <ClCompile Include="src\TileMatrix.cpp">
      <Filter>src\Game\Level</Filter>
    </ClCompile>
    <ClCompile Include="..\..\..\addons\ofxBox2d\src\ofxBox2d.cpp">
      <Filter>addons\ofxBox2d\src</Filter>
    </ClCompile>
    <ClCompile Include="..\..\..\addons\ofxBox2d\src\ofxBox2dBaseShape.cpp">
      <Filter>addons\ofxBox2d\src</Filter>
    </ClCompile>
    <ClCompile Include="..\..\..\addons\ofxBox2d\src\ofxBox2dCircle.cpp">
      <Filter>addons\ofxBox2d\src</Filter>
    </ClCompile>
    <ClCompile Include="..\..\..\addons\ofxBox2d\src\ofxBox2dConvexPoly.cpp">
      <Filter>addons\ofxBox2d\src</Filter>
    </ClCompile>
    <ClCompile Include="..\..\..\addons\ofxBox2d\src\ofxBox2dEdge.cpp">
      <Filter>addons\ofxBox2d\src</Filter>
    </ClCompile>
    <ClCompile Include="..\..\..\addons\ofxBox2d\src\ofxBox2dJoint.cpp">
      <Filter>addons\ofxBox2d\src</Filter>
    </ClCompile>
    <ClCompile Include="..\..\..\addons\ofxBox2d\src\ofxBox2dPolygon.cpp">
      <Filter>addons\ofxBox2d\src</Filter>
    </ClCompile>
    <ClCompile Include="..\..\..\addons\ofxBox2d\src\ofxBox2dRect.cpp">
      <Filter>addons\ofxBox2d\src</Filter>
    </ClCompile>
    <ClCompile Include="..\..\..\addons\ofxBox2d\libs\Box2D\Collision\b2BroadPhase.cpp">
      <Filter>addons\ofxBox2d\libs\Box2D\Collision</Filter>
    </ClCompile>
    <ClCompile Include="..\..\..\addons\ofxBox2d\libs\Box2D\Collision\b2CollideCircle.cpp">
      <Filter>addons\ofxBox2d\libs\Box2D\Collision</Filter>
    </ClCompile>
    <ClCompile Include="..\..\..\addons\ofxBox2d\libs\Box2D\Collision\b2CollideEdge.cpp">
      <Filter>addons\ofxBox2d\libs\Box2D\Collision</Filter>
    </ClCompile>
    <ClCompile Include="..\..\..\addons\ofxBox2d\libs\Box2D\Collision\b2CollidePolygon.cpp">
      <Filter>addons\ofxBox2d\libs\Box2D\Collision</Filter>
    </ClCompile>
    <ClCompile Include="..\..\..\addons\ofxBox2d\libs\Box2D\Collision\b2Collision.cpp">
      <Filter>addons\ofxBox2d\libs\Box2D\Collision</Filter>
    </ClCompile>
    <ClCompile Include="..\..\..\addons\ofxBox2d\libs\Box2D\Collision\b2Distance.cpp">
      <Filter>addons\ofxBox2d\libs\Box2D\Collision</Filter>
    </ClCompile>
    <ClCompile Include="..\..\..\addons\ofxBox2d\libs\Box2D\Collision\b2DynamicTree.cpp">
      <Filter>addons\ofxBox2d\libs\Box2D\Collision</Filter>
    </ClCompile>
    <ClCompile Include="..\..\..\addons\ofxBox2d\libs\Box2D\Collision\b2TimeOfImpact.cpp">
      <Filter>addons\ofxBox2d\libs\Box2D\Collision</Filter>
    </ClCompile>
    <ClCompile Include="..\..\..\addons\ofxBox2d\libs\Box2D\Collision\Shapes\b2ChainShape.cpp">
      <Filter>addons\ofxBox2d\libs\Box2D\Collision\Shapes</Filter>
    </ClCompile>
    <ClCompile Include="..\..\..\addons\ofxBox2d\libs\Box2D\Collision\Shapes\b2CircleShape.cpp">
      <Filter>addons\ofxBox2d\libs\Box2D\Collision\Shapes</Filter>
    </ClCompile>
    <ClCompile Include="..\..\..\addons\ofxBox2d\libs\Box2D\Collision\Shapes\b2EdgeShape.cpp">
      <Filter>addons\ofxBox2d\libs\Box2D\Collision\Shapes</Filter>
    </ClCompile>
    <ClCompile Include="..\..\..\addons\ofxBox2d\libs\Box2D\Collision\Shapes\b2PolygonShape.cpp">
      <Filter>addons\ofxBox2d\libs\Box2D\Collision\Shapes</Filter>
    </ClCompile>
    <ClCompile Include="..\..\..\addons\ofxBox2d\libs\Box2D\Common\b2BlockAllocator.cpp">
      <Filter>addons\ofxBox2d\libs\Box2D\Common</Filter>
    </ClCompile>
    <ClCompile Include="..\..\..\addons\ofxBox2d\libs\Box2D\Common\b2Draw.cpp">
      <Filter>addons\ofxBox2d\libs\Box2D\Common</Filter>
    </ClCompile>
    <ClCompile Include="..\..\..\addons\ofxBox2d\libs\Box2D\Common\b2Math.cpp">
      <Filter>addons\ofxBox2d\libs\Box2D\Common</Filter>
    </ClCompile>
    <ClCompile Include="..\..\..\addons\ofxBox2d\libs\Box2D\Common\b2Settings.cpp">
      <Filter>addons\ofxBox2d\libs\Box2D\Common</Filter>
    </ClCompile>
    <ClCompile Include="..\..\..\addons\ofxBox2d\libs\Box2D\Common\b2StackAllocator.cpp">
      <Filter>addons\ofxBox2d\libs\Box2D\Common</Filter>
    </ClCompile>
    <ClCompile Include="..\..\..\addons\ofxBox2d\libs\Box2D\Common\b2Timer.cpp">
      <Filter>addons\ofxBox2d\libs\Box2D\Common</Filter>
    </ClCompile>
    <ClCompile Include="..\..\..\addons\ofxBox2d\libs\Box2D\Dynamics\b2Body.cpp">
      <Filter>addons\ofxBox2d\libs\Box2D\Dynamics</Filter>
    </ClCompile>
    <ClCompile Include="..\..\..\addons\ofxBox2d\libs\Box2D\Dynamics\b2ContactManager.cpp">
      <Filter>addons\ofxBox2d\libs\Box2D\Dynamics</Filter>
    </ClCompile>
    <ClCompile Include="..\..\..\addons\ofxBox2d\libs\Box2D\Dynamics\b2Fixture.cpp">
      <Filter>addons\ofxBox2d\libs\Box2D\Dynamics</Filter>
    </ClCompile>
    <ClCompile Include="..\..\..\addons\ofxBox2d\libs\Box2D\Dynamics\b2Island.cpp">
      <Filter>addons\ofxBox2d\libs\Box2D\Dynamics</Filter>
    </ClCompile>
    <ClCompile Include="..\..\..\addons\ofxBox2d\libs\Box2D\Dynamics\b2World.cpp">
      <Filter>addons\ofxBox2d\libs\Box2D\Dynamics</Filter>
    </ClCompile>
    <ClCompile Include="..\..\..\addons\ofxBox2d\libs\Box2D\Dynamics\b2WorldCallbacks.cpp">
      <Filter>addons\ofxBox2d\libs\Box2D\Dynamics</Filter>
    </ClCompile>
    <ClCompile Include="..\..\..\addons\ofxBox2d\libs\Box2D\Dynamics\Contacts\b2ChainAndCircleContact.cpp">
      <Filter>addons\ofxBox2d\libs\Box2D\Dynamics\Contacts</Filter>
    </ClCompile>
    <ClCompile Include="..\..\..\addons\ofxBox2d\libs\Box2D\Dynamics\Contacts\b2ChainAndPolygonContact.cpp">
      <Filter>addons\ofxBox2d\libs\Box2D\Dynamics\Contacts</Filter>
    </ClCompile>
    <ClCompile Include="..\..\..\addons\ofxBox2d\libs\Box2D\Dynamics\Contacts\b2CircleContact.cpp">
      <Filter>addons\ofxBox2d\libs\Box2D\Dynamics\Contacts</Filter>
    </ClCompile>
    <ClCompile Include="..\..\..\addons\ofxBox2d\libs\Box2D\Dynamics\Contacts\b2Contact.cpp">
      <Filter>addons\ofxBox2d\libs\Box2D\Dynamics\Contacts</Filter>
    </ClCompile>
    <ClCompile Include="..\..\..\addons\ofxBox2d\libs\Box2D\Dynamics\Contacts\b2ContactSolver.cpp">
      <Filter>addons\ofxBox2d\libs\Box2D\Dynamics\Contacts</Filter>
    </ClCompile>
    <ClCompile Include="..\..\..\addons\ofxBox2d\libs\Box2D\Dynamics\Contacts\b2EdgeAndCircleContact.cpp">
      <Filter>addons\ofxBox2d\libs\Box2D\Dynamics\Contacts</Filter>
    </ClCompile>
    <ClCompile Include="..\..\..\addons\ofxBox2d\libs\Box2D\Dynamics\Contacts\b2EdgeAndPolygonContact.cpp">
      <Filter>addons\ofxBox2d\libs\Box2D\Dynamics\Contacts</Filter>
    </ClCompile>
    <ClCompile Include="..\..\..\addons\ofxBox2d\libs\Box2D\Dynamics\Contacts\b2PolygonAndCircleContact.cpp">
      <Filter>addons\ofxBox2d\libs\Box2D\Dynamics\Contacts</Filter>
    </ClCompile>
    <ClCompile Include="..\..\..\addons\ofxBox2d\libs\Box2D\Dynamics\Contacts\b2PolygonContact.cpp">
      <Filter>addons\ofxBox2d\libs\Box2D\Dynamics\Contacts</Filter>
    </ClCompile>
    <ClCompile Include="..\..\..\addons\ofxBox2d\libs\Box2D\Dynamics\Joints\b2DistanceJoint.cpp">
      <Filter>addons\ofxBox2d\libs\Box2D\Dynamics\Joints</Filter>
    </ClCompile>
    <ClCompile Include="..\..\..\addons\ofxBox2d\libs\Box2D\Dynamics\Joints\b2FrictionJoint.cpp">
      <Filter>addons\ofxBox2d\libs\Box2D\Dynamics\Joints</Filter>
    </ClCompile>
    <ClCompile Include="..\..\..\addons\ofxBox2d\libs\Box2D\Dynamics\Joints\b2GearJoint.cpp">
      <Filter>addons\ofxBox2d\libs\Box2D\Dynamics\Joints</Filter>
    </ClCompile>
    <ClCompile Include="..\..\..\addons\ofxBox2d\libs\Box2D\Dynamics\Joints\b2Joint.cpp">
      <Filter>addons\ofxBox2d\libs\Box2D\Dynamics\Joints</Filter>
    </ClCompile>
    <ClCompile Include="..\..\..\addons\ofxBox2d\libs\Box2D\Dynamics\Joints\b2MotorJoint.cpp">
      <Filter>addons\ofxBox2d\libs\Box2D\Dynamics\Joints</Filter>
    </ClCompile>
    <ClCompile Include="..\..\..\addons\ofxBox2d\libs\Box2D\Dynamics\Joints\b2MouseJoint.cpp">
      <Filter>addons\ofxBox2d\libs\Box2D\Dynamics\Joints</Filter>
    </ClCompile>
    <ClCompile Include="..\..\..\addons\ofxBox2d\libs\Box2D\Dynamics\Joints\b2PrismaticJoint.cpp">
      <Filter>addons\ofxBox2d\libs\Box2D\Dynamics\Joints</Filter>
    </ClCompile>
    <ClCompile Include="..\..\..\addons\ofxBox2d\libs\Box2D\Dynamics\Joints\b2PulleyJoint.cpp">
      <Filter>addons\ofxBox2d\libs\Box2D\Dynamics\Joints</Filter>
    </ClCompile>
    <ClCompile Include="..\..\..\addons\ofxBox2d\libs\Box2D\Dynamics\Joints\b2RevoluteJoint.cpp">
      <Filter>addons\ofxBox2d\libs\Box2D\Dynamics\Joints</Filter>
    </ClCompile>
    <ClCompile Include="..\..\..\addons\ofxBox2d\libs\Box2D\Dynamics\Joints\b2RopeJoint.cpp">
      <Filter>addons\ofxBox2d\libs\Box2D\Dynamics\Joints</Filter>
    </ClCompile>
    <ClCompile Include="..\..\..\addons\ofxBox2d\libs\Box2D\Dynamics\Joints\b2WeldJoint.cpp">
      <Filter>addons\ofxBox2d\libs\Box2D\Dynamics\Joints</Filter>
    </ClCompile>
    <ClCompile Include="..\..\..\addons\ofxBox2d\libs\Box2D\Dynamics\Joints\b2WheelJoint.cpp">
      <Filter>addons\ofxBox2d\libs\Box2D\Dynamics\Joints</Filter>
    </ClCompile>
    <ClCompile Include="..\..\..\addons\ofxBox2d\libs\Box2D\Rope\b2Rope.cpp">
      <Filter>addons\ofxBox2d\libs\Box2D\Rope</Filter>
    </ClCompile>
    <ClCompile Include="..\..\..\addons\ofxBox2d\libs\triangle\del_impl.cpp">
      <Filter>addons\ofxBox2d\libs\triangle</Filter>
    </ClCompile>
    <ClCompile Include="..\..\..\addons\ofxEntityX\src\ofxEntityX.cpp">
      <Filter>addons\ofxEntityX\src</Filter>
    </ClCompile>
    <ClCompile Include="src\TileSystem.cpp">
      <Filter>src\Game\Systems</Filter>
    </ClCompile>
    <ClCompile Include="src\CollisionSystem.cpp">
      <Filter>src\Game\Systems</Filter>
    </ClCompile>
    <ClCompile Include="src\LevelManager.cpp">
      <Filter>src\Game\LevelManager</Filter>
    </ClCompile>
    <ClCompile Include="src\PaddleSystem.cpp">
      <Filter>src\Game\Systems</Filter>
    </ClCompile>
    <ClCompile Include="src\PaddleControllerComponent.cpp">
      <Filter>src\Game\Paddle</Filter>
    </ClCompile>
    <ClCompile Include="src\InputSystem.cpp">
      <Filter>src\Game\Systems</Filter>
    </ClCompile>
    <ClCompile Include="src\StickComponent.cpp">
      <Filter>src\Game\Powerup</Filter>
    </ClCompile>
    <ClCompile Include="src\BallSystem.cpp">
      <Filter>src\Game\Systems</Filter>
    </ClCompile>
    <ClCompile Include="src\PhysicsComponent.cpp">
      <Filter>src\Game\Components</Filter>
    </ClCompile>
    <ClCompile Include="src\HitsComponent.cpp">
      <Filter>src\Game\Tile</Filter>
    </ClCompile>
    <ClCompile Include="src\GameTextures.cpp">
      <Filter>src\Rendering</Filter>
    </ClCompile>
    <ClCompile Include="src\CircleCollisionComponent.cpp">
      <Filter>src\Game\Collision</Filter>
    </ClCompile>
    <ClCompile Include="src\BoxCollisionComponent.cpp">
      <Filter>src\Game\Collision</Filter>
    </ClCompile>
    <ClCompile Include="src\PowerupSystem.cpp">
      <Filter>src\Game\Systems</Filter>
    </ClCompile>
    <ClCompile Include="src\SpriteRenderer.cpp">
      <Filter>src\Rendering</Filter>
    </ClCompile>
    <ClCompile Include="src\Keyboard.cpp">
      <Filter>src</Filter>
    </ClCompile>
    <ClCompile Include="src\SelectComponent.cpp">
      <Filter>src\Menus</Filter>
    </ClCompile>
    <ClCompile Include="src\SelectSystem.cpp">
      <Filter>src\Menus</Filter>
    </ClCompile>
    <ClCompile Include="src\CommandQueueComponent.cpp">
      <Filter>src\Core</Filter>
    </ClCompile>
    <ClCompile Include="src\KeyboardInputComponent.cpp">
      <Filter>src\Core</Filter>
    </ClCompile>
    <ClCompile Include="src\UseComponent.cpp">
      <Filter>src\Menus</Filter>
    </ClCompile>
    <ClCompile Include="src\MainMenu.cpp">
      <Filter>src\Menus</Filter>
    </ClCompile>
    <ClCompile Include="src\PhysicsSystem.cpp">
      <Filter>src\Game\Systems</Filter>
    </ClCompile>
    <ClCompile Include="src\SpriteComponent.cpp">
      <Filter>src\Core</Filter>
    </ClCompile>
    <ClCompile Include="src\TypeComponent.cpp">
      <Filter>src\Core</Filter>
    </ClCompile>
    <ClCompile Include="src\PhysicsSystem.cpp">
      <Filter>src\Systems</Filter>
    </ClCompile>
  </ItemGroup>
  <ItemGroup>
    <Filter Include="src">
      <UniqueIdentifier>{d8376475-7454-4a24-b08a-aac121d3ad6f}</UniqueIdentifier>
    </Filter>
    <Filter Include="addons">
      <UniqueIdentifier>{bbaedacc-7dbd-40e0-af0e-8376b235ad99}</UniqueIdentifier>
    </Filter>
    <Filter Include="addons\ofxBox2d">
      <UniqueIdentifier>{1a59448a-d3f0-4674-800b-9e9eccbf44eb}</UniqueIdentifier>
    </Filter>
    <Filter Include="addons\ofxBox2d\src">
      <UniqueIdentifier>{b1b2d70d-7834-49a4-ae15-7546d5ca285d}</UniqueIdentifier>
    </Filter>
    <Filter Include="addons\ofxBox2d\libs">
      <UniqueIdentifier>{bae099bc-6f16-4aa4-b2fc-bc05aebe1358}</UniqueIdentifier>
    </Filter>
    <Filter Include="addons\ofxBox2d\libs\Box2D">
      <UniqueIdentifier>{0b52d084-b691-4511-8fa9-b7e5f7257852}</UniqueIdentifier>
    </Filter>
    <Filter Include="addons\ofxBox2d\libs\Box2D\Collision">
      <UniqueIdentifier>{964e0789-eb1b-4e57-af7b-112c82b68174}</UniqueIdentifier>
    </Filter>
    <Filter Include="addons\ofxBox2d\libs\Box2D\Collision\Shapes">
      <UniqueIdentifier>{d5dd9912-c856-4e6f-aa44-fe4e5cae3aeb}</UniqueIdentifier>
    </Filter>
    <Filter Include="addons\ofxBox2d\libs\Box2D\Common">
      <UniqueIdentifier>{1640be2e-0f2d-460d-9fe5-ca7a51c8bec2}</UniqueIdentifier>
    </Filter>
    <Filter Include="addons\ofxBox2d\libs\Box2D\Dynamics">
      <UniqueIdentifier>{9e419ed0-1091-4694-b085-ee385593a7e8}</UniqueIdentifier>
    </Filter>
    <Filter Include="addons\ofxBox2d\libs\Box2D\Dynamics\Contacts">
      <UniqueIdentifier>{817d7043-ee43-4761-a4eb-5f4417bfc3e8}</UniqueIdentifier>
    </Filter>
    <Filter Include="addons\ofxBox2d\libs\Box2D\Dynamics\Joints">
      <UniqueIdentifier>{375d678e-0ca3-44f1-b94d-9430d07ae107}</UniqueIdentifier>
    </Filter>
    <Filter Include="addons\ofxBox2d\libs\Box2D\Rope">
      <UniqueIdentifier>{c4e3cdd5-e2c6-467c-aa48-a65f03a4094e}</UniqueIdentifier>
    </Filter>
    <Filter Include="addons\ofxBox2d\libs\triangle">
      <UniqueIdentifier>{7cdb51cb-e4da-4e51-b2e5-ca3c52f7efd1}</UniqueIdentifier>
    </Filter>
    <Filter Include="addons\ofxEntityX">
      <UniqueIdentifier>{d2d38f0c-b2eb-48d6-8ada-f35bc4dcc2c1}</UniqueIdentifier>
    </Filter>
    <Filter Include="addons\ofxEntityX\src">
      <UniqueIdentifier>{cc4eb0c8-fa40-4925-ba8d-ab1c71c4d535}</UniqueIdentifier>
    </Filter>
    <Filter Include="src\Game">
      <UniqueIdentifier>{f69a8b14-45a0-4003-b6b9-55cdf2b6efb8}</UniqueIdentifier>
    </Filter>
    <Filter Include="src\Game\Tile">
      <UniqueIdentifier>{40c01864-95b6-44d7-942a-67fc0a27b5c0}</UniqueIdentifier>
    </Filter>
    <Filter Include="src\Game\Paddle">
      <UniqueIdentifier>{cca2756d-bf59-4ab7-bab6-56a9ed5605b3}</UniqueIdentifier>
    </Filter>
    <Filter Include="src\Game\Powerup">
      <UniqueIdentifier>{903c4020-b144-4bec-bbcc-c3e3bcbba447}</UniqueIdentifier>
    </Filter>
    <Filter Include="src\Game\Systems">
      <UniqueIdentifier>{b751f368-abd3-4d2c-93ec-270ceb8f7ce5}</UniqueIdentifier>
    </Filter>
    <Filter Include="src\Game\LevelManager">
      <UniqueIdentifier>{e73ff4fb-0713-4d83-b0df-0e9d6a76af51}</UniqueIdentifier>
    </Filter>
    <Filter Include="src\Game\Ball">
      <UniqueIdentifier>{185cdd10-613a-4453-b787-67f1857ca3ff}</UniqueIdentifier>
    </Filter>
    <Filter Include="src\Game\Collision">
      <UniqueIdentifier>{6fbde73e-ae62-4679-8c46-3f16df38bf76}</UniqueIdentifier>
    </Filter>
    <Filter Include="src\Game\Components">
      <UniqueIdentifier>{22535c06-ce00-485d-98e9-8aad0918d78b}</UniqueIdentifier>
    </Filter>
    <Filter Include="src\Game\Events">
      <UniqueIdentifier>{3c44e5ae-164c-4062-8307-c19505175c7c}</UniqueIdentifier>
    </Filter>
    <Filter Include="src\Game\Level">
      <UniqueIdentifier>{7672bd5f-9b4b-4c77-801c-4c0961ca20f2}</UniqueIdentifier>
    </Filter>
    <Filter Include="src\Menus">
      <UniqueIdentifier>{0928687c-7056-445e-9e28-13d127238362}</UniqueIdentifier>
    </Filter>
    <Filter Include="src\Core">
      <UniqueIdentifier>{25f68240-be9e-4ab5-b45c-76cf1de41d93}</UniqueIdentifier>
    </Filter>
    <Filter Include="src\Rendering">
      <UniqueIdentifier>{616f1780-7119-40f1-9d0c-70dbf2bffed5}</UniqueIdentifier>
    </Filter>
  </ItemGroup>
  <ItemGroup>
    <ClInclude Include="src\ofApp.h">
      <Filter>src</Filter>
    </ClInclude>
    <ClInclude Include="src\Level.h">
      <Filter>src\Game\Level</Filter>
    </ClInclude>
    <ClInclude Include="src\DropComponent.h">
      <Filter>src\Game\Components</Filter>
    </ClInclude>
    <ClInclude Include="src\TileMatrix.h">
      <Filter>src\Game\Level</Filter>
    </ClInclude>
    <ClInclude Include="src\BallSystem.h">
      <Filter>src\Game\Systems</Filter>
    </ClInclude>
    <ClInclude Include="src\TileSystem.h">
      <Filter>src\Game\Systems</Filter>
    </ClInclude>
    <ClInclude Include="..\..\..\addons\ofxBox2d\src\ofxBox2d.h">
      <Filter>addons\ofxBox2d\src</Filter>
    </ClInclude>
    <ClInclude Include="..\..\..\addons\ofxBox2d\src\ofxBox2dBaseShape.h">
      <Filter>addons\ofxBox2d\src</Filter>
    </ClInclude>
    <ClInclude Include="..\..\..\addons\ofxBox2d\src\ofxBox2dCircle.h">
      <Filter>addons\ofxBox2d\src</Filter>
    </ClInclude>
    <ClInclude Include="..\..\..\addons\ofxBox2d\src\ofxBox2dContactListener.h">
      <Filter>addons\ofxBox2d\src</Filter>
    </ClInclude>
    <ClInclude Include="..\..\..\addons\ofxBox2d\src\ofxBox2dConvexPoly.h">
      <Filter>addons\ofxBox2d\src</Filter>
    </ClInclude>
    <ClInclude Include="..\..\..\addons\ofxBox2d\src\ofxBox2dEdge.h">
      <Filter>addons\ofxBox2d\src</Filter>
    </ClInclude>
    <ClInclude Include="..\..\..\addons\ofxBox2d\src\ofxBox2dJoint.h">
      <Filter>addons\ofxBox2d\src</Filter>
    </ClInclude>
    <ClInclude Include="..\..\..\addons\ofxBox2d\src\ofxBox2dPolygon.h">
      <Filter>addons\ofxBox2d\src</Filter>
    </ClInclude>
    <ClInclude Include="..\..\..\addons\ofxBox2d\src\ofxBox2dPolygonUtils.h">
      <Filter>addons\ofxBox2d\src</Filter>
    </ClInclude>
    <ClInclude Include="..\..\..\addons\ofxBox2d\src\ofxBox2dRect.h">
      <Filter>addons\ofxBox2d\src</Filter>
    </ClInclude>
    <ClInclude Include="..\..\..\addons\ofxBox2d\src\ofxBox2dRender.h">
      <Filter>addons\ofxBox2d\src</Filter>
    </ClInclude>
    <ClInclude Include="..\..\..\addons\ofxBox2d\src\ofxBox2dUtils.h">
      <Filter>addons\ofxBox2d\src</Filter>
    </ClInclude>
    <ClInclude Include="..\..\..\addons\ofxBox2d\libs\Box2D\Box2D.h">
      <Filter>addons\ofxBox2d\libs\Box2D</Filter>
    </ClInclude>
    <ClInclude Include="..\..\..\addons\ofxBox2d\libs\Box2D\Collision\b2BroadPhase.h">
      <Filter>addons\ofxBox2d\libs\Box2D\Collision</Filter>
    </ClInclude>
    <ClInclude Include="..\..\..\addons\ofxBox2d\libs\Box2D\Collision\b2Collision.h">
      <Filter>addons\ofxBox2d\libs\Box2D\Collision</Filter>
    </ClInclude>
    <ClInclude Include="..\..\..\addons\ofxBox2d\libs\Box2D\Collision\b2Distance.h">
      <Filter>addons\ofxBox2d\libs\Box2D\Collision</Filter>
    </ClInclude>
    <ClInclude Include="..\..\..\addons\ofxBox2d\libs\Box2D\Collision\b2DynamicTree.h">
      <Filter>addons\ofxBox2d\libs\Box2D\Collision</Filter>
    </ClInclude>
    <ClInclude Include="..\..\..\addons\ofxBox2d\libs\Box2D\Collision\b2TimeOfImpact.h">
      <Filter>addons\ofxBox2d\libs\Box2D\Collision</Filter>
    </ClInclude>
    <ClInclude Include="..\..\..\addons\ofxBox2d\libs\Box2D\Collision\Shapes\b2ChainShape.h">
      <Filter>addons\ofxBox2d\libs\Box2D\Collision\Shapes</Filter>
    </ClInclude>
    <ClInclude Include="..\..\..\addons\ofxBox2d\libs\Box2D\Collision\Shapes\b2CircleShape.h">
      <Filter>addons\ofxBox2d\libs\Box2D\Collision\Shapes</Filter>
    </ClInclude>
    <ClInclude Include="..\..\..\addons\ofxBox2d\libs\Box2D\Collision\Shapes\b2EdgeShape.h">
      <Filter>addons\ofxBox2d\libs\Box2D\Collision\Shapes</Filter>
    </ClInclude>
    <ClInclude Include="..\..\..\addons\ofxBox2d\libs\Box2D\Collision\Shapes\b2PolygonShape.h">
      <Filter>addons\ofxBox2d\libs\Box2D\Collision\Shapes</Filter>
    </ClInclude>
    <ClInclude Include="..\..\..\addons\ofxBox2d\libs\Box2D\Collision\Shapes\b2Shape.h">
      <Filter>addons\ofxBox2d\libs\Box2D\Collision\Shapes</Filter>
    </ClInclude>
    <ClInclude Include="..\..\..\addons\ofxBox2d\libs\Box2D\Common\b2BlockAllocator.h">
      <Filter>addons\ofxBox2d\libs\Box2D\Common</Filter>
    </ClInclude>
    <ClInclude Include="..\..\..\addons\ofxBox2d\libs\Box2D\Common\b2Draw.h">
      <Filter>addons\ofxBox2d\libs\Box2D\Common</Filter>
    </ClInclude>
    <ClInclude Include="..\..\..\addons\ofxBox2d\libs\Box2D\Common\b2GrowableStack.h">
      <Filter>addons\ofxBox2d\libs\Box2D\Common</Filter>
    </ClInclude>
    <ClInclude Include="..\..\..\addons\ofxBox2d\libs\Box2D\Common\b2Math.h">
      <Filter>addons\ofxBox2d\libs\Box2D\Common</Filter>
    </ClInclude>
    <ClInclude Include="..\..\..\addons\ofxBox2d\libs\Box2D\Common\b2Settings.h">
      <Filter>addons\ofxBox2d\libs\Box2D\Common</Filter>
    </ClInclude>
    <ClInclude Include="..\..\..\addons\ofxBox2d\libs\Box2D\Common\b2StackAllocator.h">
      <Filter>addons\ofxBox2d\libs\Box2D\Common</Filter>
    </ClInclude>
    <ClInclude Include="..\..\..\addons\ofxBox2d\libs\Box2D\Common\b2Timer.h">
      <Filter>addons\ofxBox2d\libs\Box2D\Common</Filter>
    </ClInclude>
    <ClInclude Include="..\..\..\addons\ofxBox2d\libs\Box2D\Dynamics\b2Body.h">
      <Filter>addons\ofxBox2d\libs\Box2D\Dynamics</Filter>
    </ClInclude>
    <ClInclude Include="..\..\..\addons\ofxBox2d\libs\Box2D\Dynamics\b2ContactManager.h">
      <Filter>addons\ofxBox2d\libs\Box2D\Dynamics</Filter>
    </ClInclude>
    <ClInclude Include="..\..\..\addons\ofxBox2d\libs\Box2D\Dynamics\b2Fixture.h">
      <Filter>addons\ofxBox2d\libs\Box2D\Dynamics</Filter>
    </ClInclude>
    <ClInclude Include="..\..\..\addons\ofxBox2d\libs\Box2D\Dynamics\b2Island.h">
      <Filter>addons\ofxBox2d\libs\Box2D\Dynamics</Filter>
    </ClInclude>
    <ClInclude Include="..\..\..\addons\ofxBox2d\libs\Box2D\Dynamics\b2TimeStep.h">
      <Filter>addons\ofxBox2d\libs\Box2D\Dynamics</Filter>
    </ClInclude>
    <ClInclude Include="..\..\..\addons\ofxBox2d\libs\Box2D\Dynamics\b2World.h">
      <Filter>addons\ofxBox2d\libs\Box2D\Dynamics</Filter>
    </ClInclude>
    <ClInclude Include="..\..\..\addons\ofxBox2d\libs\Box2D\Dynamics\b2WorldCallbacks.h">
      <Filter>addons\ofxBox2d\libs\Box2D\Dynamics</Filter>
    </ClInclude>
    <ClInclude Include="..\..\..\addons\ofxBox2d\libs\Box2D\Dynamics\Contacts\b2ChainAndCircleContact.h">
      <Filter>addons\ofxBox2d\libs\Box2D\Dynamics\Contacts</Filter>
    </ClInclude>
    <ClInclude Include="..\..\..\addons\ofxBox2d\libs\Box2D\Dynamics\Contacts\b2ChainAndPolygonContact.h">
      <Filter>addons\ofxBox2d\libs\Box2D\Dynamics\Contacts</Filter>
    </ClInclude>
    <ClInclude Include="..\..\..\addons\ofxBox2d\libs\Box2D\Dynamics\Contacts\b2CircleContact.h">
      <Filter>addons\ofxBox2d\libs\Box2D\Dynamics\Contacts</Filter>
    </ClInclude>
    <ClInclude Include="..\..\..\addons\ofxBox2d\libs\Box2D\Dynamics\Contacts\b2Contact.h">
      <Filter>addons\ofxBox2d\libs\Box2D\Dynamics\Contacts</Filter>
    </ClInclude>
    <ClInclude Include="..\..\..\addons\ofxBox2d\libs\Box2D\Dynamics\Contacts\b2ContactSolver.h">
      <Filter>addons\ofxBox2d\libs\Box2D\Dynamics\Contacts</Filter>
    </ClInclude>
    <ClInclude Include="..\..\..\addons\ofxBox2d\libs\Box2D\Dynamics\Contacts\b2EdgeAndCircleContact.h">
      <Filter>addons\ofxBox2d\libs\Box2D\Dynamics\Contacts</Filter>
    </ClInclude>
    <ClInclude Include="..\..\..\addons\ofxBox2d\libs\Box2D\Dynamics\Contacts\b2EdgeAndPolygonContact.h">
      <Filter>addons\ofxBox2d\libs\Box2D\Dynamics\Contacts</Filter>
    </ClInclude>
    <ClInclude Include="..\..\..\addons\ofxBox2d\libs\Box2D\Dynamics\Contacts\b2PolygonAndCircleContact.h">
      <Filter>addons\ofxBox2d\libs\Box2D\Dynamics\Contacts</Filter>
    </ClInclude>
    <ClInclude Include="..\..\..\addons\ofxBox2d\libs\Box2D\Dynamics\Contacts\b2PolygonContact.h">
      <Filter>addons\ofxBox2d\libs\Box2D\Dynamics\Contacts</Filter>
    </ClInclude>
    <ClInclude Include="..\..\..\addons\ofxBox2d\libs\Box2D\Dynamics\Joints\b2DistanceJoint.h">
      <Filter>addons\ofxBox2d\libs\Box2D\Dynamics\Joints</Filter>
    </ClInclude>
    <ClInclude Include="..\..\..\addons\ofxBox2d\libs\Box2D\Dynamics\Joints\b2FrictionJoint.h">
      <Filter>addons\ofxBox2d\libs\Box2D\Dynamics\Joints</Filter>
    </ClInclude>
    <ClInclude Include="..\..\..\addons\ofxBox2d\libs\Box2D\Dynamics\Joints\b2GearJoint.h">
      <Filter>addons\ofxBox2d\libs\Box2D\Dynamics\Joints</Filter>
    </ClInclude>
    <ClInclude Include="..\..\..\addons\ofxBox2d\libs\Box2D\Dynamics\Joints\b2Joint.h">
      <Filter>addons\ofxBox2d\libs\Box2D\Dynamics\Joints</Filter>
    </ClInclude>
    <ClInclude Include="..\..\..\addons\ofxBox2d\libs\Box2D\Dynamics\Joints\b2MotorJoint.h">
      <Filter>addons\ofxBox2d\libs\Box2D\Dynamics\Joints</Filter>
    </ClInclude>
    <ClInclude Include="..\..\..\addons\ofxBox2d\libs\Box2D\Dynamics\Joints\b2MouseJoint.h">
      <Filter>addons\ofxBox2d\libs\Box2D\Dynamics\Joints</Filter>
    </ClInclude>
    <ClInclude Include="..\..\..\addons\ofxBox2d\libs\Box2D\Dynamics\Joints\b2PrismaticJoint.h">
      <Filter>addons\ofxBox2d\libs\Box2D\Dynamics\Joints</Filter>
    </ClInclude>
    <ClInclude Include="..\..\..\addons\ofxBox2d\libs\Box2D\Dynamics\Joints\b2PulleyJoint.h">
      <Filter>addons\ofxBox2d\libs\Box2D\Dynamics\Joints</Filter>
    </ClInclude>
    <ClInclude Include="..\..\..\addons\ofxBox2d\libs\Box2D\Dynamics\Joints\b2RevoluteJoint.h">
      <Filter>addons\ofxBox2d\libs\Box2D\Dynamics\Joints</Filter>
    </ClInclude>
    <ClInclude Include="..\..\..\addons\ofxBox2d\libs\Box2D\Dynamics\Joints\b2RopeJoint.h">
      <Filter>addons\ofxBox2d\libs\Box2D\Dynamics\Joints</Filter>
    </ClInclude>
    <ClInclude Include="..\..\..\addons\ofxBox2d\libs\Box2D\Dynamics\Joints\b2WeldJoint.h">
      <Filter>addons\ofxBox2d\libs\Box2D\Dynamics\Joints</Filter>
    </ClInclude>
    <ClInclude Include="..\..\..\addons\ofxBox2d\libs\Box2D\Dynamics\Joints\b2WheelJoint.h">
      <Filter>addons\ofxBox2d\libs\Box2D\Dynamics\Joints</Filter>
    </ClInclude>
    <ClInclude Include="..\..\..\addons\ofxBox2d\libs\Box2D\Rope\b2Rope.h">
      <Filter>addons\ofxBox2d\libs\Box2D\Rope</Filter>
    </ClInclude>
    <ClInclude Include="..\..\..\addons\ofxBox2d\libs\triangle\triangle.h">
      <Filter>addons\ofxBox2d\libs\triangle</Filter>
    </ClInclude>
    <ClInclude Include="..\..\..\addons\ofxBox2d\libs\triangle\assert.hpp">
      <Filter>addons\ofxBox2d\libs\triangle</Filter>
    </ClInclude>
    <ClInclude Include="..\..\..\addons\ofxBox2d\libs\triangle\del_interface.hpp">
      <Filter>addons\ofxBox2d\libs\triangle</Filter>
    </ClInclude>
    <ClInclude Include="..\..\..\addons\ofxBox2d\libs\triangle\dpoint.hpp">
      <Filter>addons\ofxBox2d\libs\triangle</Filter>
    </ClInclude>
    <ClInclude Include="..\..\..\addons\ofxBox2d\libs\triangle\triangle_impl.hpp">
      <Filter>addons\ofxBox2d\libs\triangle</Filter>
    </ClInclude>
    <ClInclude Include="..\..\..\addons\ofxEntityX\src\ofxEntityX.h">
      <Filter>addons\ofxEntityX\src</Filter>
    </ClInclude>
    <ClInclude Include="src\PaddleSystem.h">
      <Filter>src\Game\Systems</Filter>
    </ClInclude>
    <ClInclude Include="src\CollisionSystem.h">
      <Filter>src\Game\Systems</Filter>
    </ClInclude>
    <ClInclude Include="src\LevelEndHandler.h">
      <Filter>src\Game\Level</Filter>
    </ClInclude>
    <ClInclude Include="src\LevelManager.h">
      <Filter>src\Game\LevelManager</Filter>
    </ClInclude>
    <ClInclude Include="src\PaddleControllerComponent.h">
      <Filter>src\Game\Paddle</Filter>
    </ClInclude>
    <ClInclude Include="src\InputSystem.h">
      <Filter>src\Game\Systems</Filter>
    </ClInclude>
    <ClInclude Include="src\UserCommand.h">
      <Filter>src\Core</Filter>
    </ClInclude>
    <ClInclude Include="src\PowerupSystem.h">
      <Filter>src\Game\Systems</Filter>
    </ClInclude>
    <ClInclude Include="src\StickComponent.h">
      <Filter>src\Game\Powerup</Filter>
    </ClInclude>
    <ClInclude Include="src\PhysicsComponent.h">
      <Filter>src\Game\Components</Filter>
    </ClInclude>
    <ClInclude Include="src\HitsComponent.h">
      <Filter>src\Game\Tile</Filter>
    </ClInclude>
    <ClInclude Include="src\Renderer.h">
      <Filter>src\Rendering</Filter>
    </ClInclude>
    <ClInclude Include="src\Textures.h">
      <Filter>src\Rendering</Filter>
    </ClInclude>
    <ClInclude Include="src\GameTextures.h">
      <Filter>src\Rendering</Filter>
    </ClInclude>
    <ClInclude Include="src\SpriteRenderer.h">
      <Filter>src\Rendering</Filter>
    </ClInclude>
    <ClInclude Include="src\CircleCollisionComponent.h">
      <Filter>src\Game\Collision</Filter>
    </ClInclude>
    <ClInclude Include="src\BoxCollisionComponent.h">
      <Filter>src\Game\Collision</Filter>
    </ClInclude>
    <ClInclude Include="src\PhysicsSystem.h">
      <Filter>src\Game\Systems</Filter>
    </ClInclude>
    <ClInclude Include="src\Keyboard.h">
      <Filter>src</Filter>
    </ClInclude>
    <ClInclude Include="src\MainMenu.h">
      <Filter>src\Menus</Filter>
    </ClInclude>
    <ClInclude Include="src\SelectComponent.h">
      <Filter>src\Menus</Filter>
    </ClInclude>
    <ClInclude Include="src\LevelEvents.h">
      <Filter>src\Game\Events</Filter>
    </ClInclude>
    <ClInclude Include="src\MenuEvents.h">
      <Filter>src\Menus</Filter>
    </ClInclude>
    <ClInclude Include="src\SelectSystem.h">
      <Filter>src\Menus</Filter>
    </ClInclude>
    <ClInclude Include="src\CommandQueueComponent.h">
      <Filter>src\Core</Filter>
    </ClInclude>
    <ClInclude Include="src\KeyboardInputComponent.h">
      <Filter>src\Core</Filter>
    </ClInclude>
    <ClInclude Include="src\HitInfo.h">
      <Filter>src\Game\Collision</Filter>
    </ClInclude>
    <ClInclude Include="src\UseComponent.h">
      <Filter>src\Menus</Filter>
    </ClInclude>
    <ClInclude Include="src\SpriteComponent.h">
      <Filter>src\Core</Filter>
    </ClInclude>
    <ClInclude Include="src\TypeComponent.h">
      <Filter>src\Core</Filter>
    </ClInclude>
    <ClInclude Include="src\TileType.h">
      <Filter>src\Game\Tile</Filter>
    </ClInclude>
    <ClInclude Include="src\EventHandler.h">
      <Filter>src\Core</Filter>
    </ClInclude>
    <ClInclude Include="src\Screen.h">
      <Filter>src\Core</Filter>
    </ClInclude>
  </ItemGroup>
  <ItemGroup>
    <ResourceCompile Include="icon.rc" />
  </ItemGroup>
  <ItemGroup>
    <None Include="bin\data\shader\TileShader.frag">
      <Filter>src\Game\Tile</Filter>
    </None>
    <None Include="bin\data\shader\TileShader.vert">
      <Filter>src\Game\Tile</Filter>
    </None>
    <None Include="bin\data\shader\SpriteShader.frag">
      <Filter>src\Rendering</Filter>
    </None>
    <None Include="bin\data\shader\SpriteShader.vert">
      <Filter>src\Rendering</Filter>
    </None>
  </ItemGroup>
</Project>